
Microsoft Visual Studio Solution File, Format Version 12.00
# Visual Studio 15
VisualStudioVersion = 15.0.26430.16
MinimumVisualStudioVersion = 10.0.40219.1
Project("{FAE04EC0-301F-11D3-BF4B-00C04F79EFBC}") = "MongoDBAPI", "MongoDBAPI\MongoDBAPI.csproj", "{D49BB85E-7050-49D4-8B77-A96D19BA7911}"
EndProject
Global
	GlobalSection(SolutionConfigurationPlatforms) = preSolution
		Debug|Any CPU = Debug|Any CPU
		Release|Any CPU = Release|Any CPU
	EndGlobalSection
	GlobalSection(ProjectConfigurationPlatforms) = postSolution
		{D49BB85E-7050-49D4-8B77-A96D19BA7911}.Debug|Any CPU.ActiveCfg = Debug|Any CPU
		{D49BB85E-7050-49D4-8B77-A96D19BA7911}.Debug|Any CPU.Build.0 = Debug|Any CPU
		{D49BB85E-7050-49D4-8B77-A96D19BA7911}.Release|Any CPU.ActiveCfg = Release|Any CPU
		{D49BB85E-7050-49D4-8B77-A96D19BA7911}.Release|Any CPU.Build.0 = Release|Any CPU
	EndGlobalSection
	GlobalSection(SolutionProperties) = preSolution
		HideSolutionNode = FALSE
	EndGlobalSection
EndGlobal
